
Microsoft Visual Studio Solution File, Format Version 12.00
# Visual Studio 15
VisualStudioVersion = 15.0.28307.421
MinimumVisualStudioVersion = 10.0.40219.1
Project("{FAE04EC0-301F-11D3-BF4B-00C04F79EFBC}") = "ScrapeLucyData", "ScrapeLucyData\ScrapeLucyData.csproj", "{DC5ED1C3-4A0E-4F5E-89FB-6C95310FD3B4}"
EndProject
Global
	GlobalSection(SolutionConfigurationPlatforms) = preSolution
		Debug|Any CPU = Debug|Any CPU
		Release|Any CPU = Release|Any CPU
	EndGlobalSection
	GlobalSection(ProjectConfigurationPlatforms) = postSolution
		{DC5ED1C3-4A0E-4F5E-89FB-6C95310FD3B4}.Debug|Any CPU.ActiveCfg = Debug|Any CPU
		{DC5ED1C3-4A0E-4F5E-89FB-6C95310FD3B4}.Debug|Any CPU.Build.0 = Debug|Any CPU
		{DC5ED1C3-4A0E-4F5E-89FB-6C95310FD3B4}.Release|Any CPU.ActiveCfg = Release|Any CPU
		{DC5ED1C3-4A0E-4F5E-89FB-6C95310FD3B4}.Release|Any CPU.Build.0 = Release|Any CPU
	EndGlobalSection
	GlobalSection(SolutionProperties) = preSolution
		HideSolutionNode = FALSE
	EndGlobalSection
	GlobalSection(ExtensibilityGlobals) = postSolution
		SolutionGuid = {0896FD64-8B7A-4F8B-94F9-4FDD1835D43D}
	EndGlobalSection
EndGlobal
